
Microsoft Visual Studio Solution File, Format Version 12.00
# Visual Studio Version 16
VisualStudioVersion = 16.0.30225.117
MinimumVisualStudioVersion = 10.0.40219.1
Project("{9A19103F-16F7-4668-BE54-9A1E7A4F7556}") = "Visu", "Visu\Visu.csproj", "{C65D598C-DDAC-462C-817B-773FFC094AFC}"
EndProject
Project("{2150E333-8FDC-42A3-9474-1A3956D46DE8}") = "Modules", "Modules", "{C0D2FFF5-FB84-4E1D-A344-D013C898BCF6}"
EndProject
Project("{2150E333-8FDC-42A3-9474-1A3956D46DE8}") = "Services", "Services", "{7F79D344-754E-4963-99B8-4A8E717F2759}"
EndProject
Project("{9A19103F-16F7-4668-BE54-9A1E7A4F7556}") = "Visualizer", "Modules\Visualizer\Visualizer.csproj", "{D947E2B5-B4B3-419A-BC03-DCBB7644B0A7}"
EndProject
Project("{9A19103F-16F7-4668-BE54-9A1E7A4F7556}") = "Infrastructure", "Infrastructure\Infrastructure.csproj", "{3A6D54A6-F9B2-4440-A28F-944CE363679C}"
EndProject
Project("{9A19103F-16F7-4668-BE54-9A1E7A4F7556}") = "GcodeProcessorService", "Services\GcodeProcessorService\GcodeProcessorService.csproj", "{B3524EF5-F729-40E4-8B25-1693B1A556E8}"
EndProject
Project("{2150E333-8FDC-42A3-9474-1A3956D46DE8}") = "Libraries", "Libraries", "{6B7496AB-6F62-4D6A-8952-4BDFAE4A18EC}"
EndProject
Project("{9A19103F-16F7-4668-BE54-9A1E7A4F7556}") = "GcodeParser", "Libraries\GcodeParser\GcodeParser.csproj", "{E6C5E45F-0802-4F57-A9A7-E8904E24C993}"
EndProject
Project("{9A19103F-16F7-4668-BE54-9A1E7A4F7556}") = "CncMachine", "Libraries\CncMachine\CncMachine.csproj", "{4A26784D-84C0-4C93-8D55-C3A034D1D633}"
EndProject
Project("{9A19103F-16F7-4668-BE54-9A1E7A4F7556}") = "CNCDraw", "Libraries\CNCDraw\CNCDraw.csproj", "{BD14C107-D1A7-4915-9C28-8B1ACB5199ED}"
EndProject
Project("{9A19103F-16F7-4668-BE54-9A1E7A4F7556}") = "MyExtensions", "Libraries\MyExtensions\MyExtensions.csproj", "{45C070D6-AB2C-4B31-B856-AD811C6F9788}"
EndProject
Project("{2150E333-8FDC-42A3-9474-1A3956D46DE8}") = "Tests", "Tests", "{54F4AC11-BB63-445C-BD14-8F13137C0C81}"
EndProject
Project("{2150E333-8FDC-42A3-9474-1A3956D46DE8}") = "Libraries", "Libraries", "{B2628CAA-716D-4001-A3F3-C5E51EAE3895}"
EndProject
Project("{2150E333-8FDC-42A3-9474-1A3956D46DE8}") = "Modules", "Modules", "{56CEE214-BC8A-4583-AE89-8A861DD4CDBF}"
EndProject
Project("{2150E333-8FDC-42A3-9474-1A3956D46DE8}") = "Services", "Services", "{FAEB89C1-8410-4922-A0A9-F95E3DFC0EE3}"
EndProject
Project("{9A19103F-16F7-4668-BE54-9A1E7A4F7556}") = "CNCDrawTests", "Tests\Libraries\CNCDrawTests\CNCDrawTests.csproj", "{281A2918-7B79-4732-AB46-535556D0E654}"
EndProject
Project("{9A19103F-16F7-4668-BE54-9A1E7A4F7556}") = "CncMachineTests", "Tests\Libraries\CncMachineTests\CncMachineTests.csproj", "{060A5826-4800-4A44-A094-339F990971B5}"
EndProject
Project("{9A19103F-16F7-4668-BE54-9A1E7A4F7556}") = "GcodeParserTests", "Tests\Libraries\GcodeParserTests\GcodeParserTests.csproj", "{4A50A80C-90F9-4C2B-BE9B-BC7D0D29A20A}"
EndProject
Project("{9A19103F-16F7-4668-BE54-9A1E7A4F7556}") = "MyExtensionsTests", "Tests\Libraries\MyExtensionsTests\MyExtensionsTests.csproj", "{E2889585-BE08-4C44-AE63-B16C9E65C268}"
EndProject
Project("{9A19103F-16F7-4668-BE54-9A1E7A4F7556}") = "VisualizerTests", "Tests\Modules\VisualizerTests\VisualizerTests.csproj", "{47E6FEF1-01AA-42D7-A15E-3B0DAAD26F7A}"
EndProject
Project("{9A19103F-16F7-4668-BE54-9A1E7A4F7556}") = "GcodeProcessorServiceTests", "Tests\Services\GcodeProcessorServiceTests\GcodeProcessorServiceTests.csproj", "{723956B4-4A10-417D-9B87-4F60167A026E}"
EndProject
Global
	GlobalSection(SolutionConfigurationPlatforms) = preSolution
		Debug|Any CPU = Debug|Any CPU
		Release|Any CPU = Release|Any CPU
	EndGlobalSection
	GlobalSection(ProjectConfigurationPlatforms) = postSolution
		{C65D598C-DDAC-462C-817B-773FFC094AFC}.Debug|Any CPU.ActiveCfg = Debug|Any CPU
		{C65D598C-DDAC-462C-817B-773FFC094AFC}.Debug|Any CPU.Build.0 = Debug|Any CPU
		{C65D598C-DDAC-462C-817B-773FFC094AFC}.Release|Any CPU.ActiveCfg = Release|Any CPU
		{C65D598C-DDAC-462C-817B-773FFC094AFC}.Release|Any CPU.Build.0 = Release|Any CPU
		{D947E2B5-B4B3-419A-BC03-DCBB7644B0A7}.Debug|Any CPU.ActiveCfg = Debug|Any CPU
		{D947E2B5-B4B3-419A-BC03-DCBB7644B0A7}.Debug|Any CPU.Build.0 = Debug|Any CPU
		{D947E2B5-B4B3-419A-BC03-DCBB7644B0A7}.Release|Any CPU.ActiveCfg = Release|Any CPU
		{D947E2B5-B4B3-419A-BC03-DCBB7644B0A7}.Release|Any CPU.Build.0 = Release|Any CPU
		{3A6D54A6-F9B2-4440-A28F-944CE363679C}.Debug|Any CPU.ActiveCfg = Debug|Any CPU
		{3A6D54A6-F9B2-4440-A28F-944CE363679C}.Debug|Any CPU.Build.0 = Debug|Any CPU
		{3A6D54A6-F9B2-4440-A28F-944CE363679C}.Release|Any CPU.ActiveCfg = Release|Any CPU
		{3A6D54A6-F9B2-4440-A28F-944CE363679C}.Release|Any CPU.Build.0 = Release|Any CPU
		{B3524EF5-F729-40E4-8B25-1693B1A556E8}.Debug|Any CPU.ActiveCfg = Debug|Any CPU
		{B3524EF5-F729-40E4-8B25-1693B1A556E8}.Debug|Any CPU.Build.0 = Debug|Any CPU
		{B3524EF5-F729-40E4-8B25-1693B1A556E8}.Release|Any CPU.ActiveCfg = Release|Any CPU
		{B3524EF5-F729-40E4-8B25-1693B1A556E8}.Release|Any CPU.Build.0 = Release|Any CPU
		{E6C5E45F-0802-4F57-A9A7-E8904E24C993}.Debug|Any CPU.ActiveCfg = Debug|Any CPU
		{E6C5E45F-0802-4F57-A9A7-E8904E24C993}.Debug|Any CPU.Build.0 = Debug|Any CPU
		{E6C5E45F-0802-4F57-A9A7-E8904E24C993}.Release|Any CPU.ActiveCfg = Release|Any CPU
		{E6C5E45F-0802-4F57-A9A7-E8904E24C993}.Release|Any CPU.Build.0 = Release|Any CPU
		{4A26784D-84C0-4C93-8D55-C3A034D1D633}.Debug|Any CPU.ActiveCfg = Debug|Any CPU
		{4A26784D-84C0-4C93-8D55-C3A034D1D633}.Debug|Any CPU.Build.0 = Debug|Any CPU
		{4A26784D-84C0-4C93-8D55-C3A034D1D633}.Release|Any CPU.ActiveCfg = Release|Any CPU
		{4A26784D-84C0-4C93-8D55-C3A034D1D633}.Release|Any CPU.Build.0 = Release|Any CPU
		{BD14C107-D1A7-4915-9C28-8B1ACB5199ED}.Debug|Any CPU.ActiveCfg = Debug|Any CPU
		{BD14C107-D1A7-4915-9C28-8B1ACB5199ED}.Debug|Any CPU.Build.0 = Debug|Any CPU
		{BD14C107-D1A7-4915-9C28-8B1ACB5199ED}.Release|Any CPU.ActiveCfg = Release|Any CPU
		{BD14C107-D1A7-4915-9C28-8B1ACB5199ED}.Release|Any CPU.Build.0 = Release|Any CPU
		{45C070D6-AB2C-4B31-B856-AD811C6F9788}.Debug|Any CPU.ActiveCfg = Debug|Any CPU
		{45C070D6-AB2C-4B31-B856-AD811C6F9788}.Debug|Any CPU.Build.0 = Debug|Any CPU
		{45C070D6-AB2C-4B31-B856-AD811C6F9788}.Release|Any CPU.ActiveCfg = Release|Any CPU
		{45C070D6-AB2C-4B31-B856-AD811C6F9788}.Release|Any CPU.Build.0 = Release|Any CPU
		{281A2918-7B79-4732-AB46-535556D0E654}.Debug|Any CPU.ActiveCfg = Debug|Any CPU
		{281A2918-7B79-4732-AB46-535556D0E654}.Debug|Any CPU.Build.0 = Debug|Any CPU
		{281A2918-7B79-4732-AB46-535556D0E654}.Release|Any CPU.ActiveCfg = Release|Any CPU
		{281A2918-7B79-4732-AB46-535556D0E654}.Release|Any CPU.Build.0 = Release|Any CPU
		{060A5826-4800-4A44-A094-339F990971B5}.Debug|Any CPU.ActiveCfg = Debug|Any CPU
		{060A5826-4800-4A44-A094-339F990971B5}.Debug|Any CPU.Build.0 = Debug|Any CPU
		{060A5826-4800-4A44-A094-339F990971B5}.Release|Any CPU.ActiveCfg = Release|Any CPU
		{060A5826-4800-4A44-A094-339F990971B5}.Release|Any CPU.Build.0 = Release|Any CPU
		{4A50A80C-90F9-4C2B-BE9B-BC7D0D29A20A}.Debug|Any CPU.ActiveCfg = Debug|Any CPU
		{4A50A80C-90F9-4C2B-BE9B-BC7D0D29A20A}.Debug|Any CPU.Build.0 = Debug|Any CPU
		{4A50A80C-90F9-4C2B-BE9B-BC7D0D29A20A}.Release|Any CPU.ActiveCfg = Release|Any CPU
		{4A50A80C-90F9-4C2B-BE9B-BC7D0D29A20A}.Release|Any CPU.Build.0 = Release|Any CPU
		{E2889585-BE08-4C44-AE63-B16C9E65C268}.Debug|Any CPU.ActiveCfg = Debug|Any CPU
		{E2889585-BE08-4C44-AE63-B16C9E65C268}.Debug|Any CPU.Build.0 = Debug|Any CPU
		{E2889585-BE08-4C44-AE63-B16C9E65C268}.Release|Any CPU.ActiveCfg = Release|Any CPU
		{E2889585-BE08-4C44-AE63-B16C9E65C268}.Release|Any CPU.Build.0 = Release|Any CPU
		{47E6FEF1-01AA-42D7-A15E-3B0DAAD26F7A}.Debug|Any CPU.ActiveCfg = Debug|Any CPU
		{47E6FEF1-01AA-42D7-A15E-3B0DAAD26F7A}.Debug|Any CPU.Build.0 = Debug|Any CPU
		{47E6FEF1-01AA-42D7-A15E-3B0DAAD26F7A}.Release|Any CPU.ActiveCfg = Release|Any CPU
		{47E6FEF1-01AA-42D7-A15E-3B0DAAD26F7A}.Release|Any CPU.Build.0 = Release|Any CPU
		{723956B4-4A10-417D-9B87-4F60167A026E}.Debug|Any CPU.ActiveCfg = Debug|Any CPU
		{723956B4-4A10-417D-9B87-4F60167A026E}.Debug|Any CPU.Build.0 = Debug|Any CPU
		{723956B4-4A10-417D-9B87-4F60167A026E}.Release|Any CPU.ActiveCfg = Release|Any CPU
		{723956B4-4A10-417D-9B87-4F60167A026E}.Release|Any CPU.Build.0 = Release|Any CPU
	EndGlobalSection
	GlobalSection(SolutionProperties) = preSolution
		HideSolutionNode = FALSE
	EndGlobalSection
	GlobalSection(NestedProjects) = preSolution
		{D947E2B5-B4B3-419A-BC03-DCBB7644B0A7} = {C0D2FFF5-FB84-4E1D-A344-D013C898BCF6}
		{B3524EF5-F729-40E4-8B25-1693B1A556E8} = {7F79D344-754E-4963-99B8-4A8E717F2759}
		{E6C5E45F-0802-4F57-A9A7-E8904E24C993} = {6B7496AB-6F62-4D6A-8952-4BDFAE4A18EC}
		{4A26784D-84C0-4C93-8D55-C3A034D1D633} = {6B7496AB-6F62-4D6A-8952-4BDFAE4A18EC}
		{BD14C107-D1A7-4915-9C28-8B1ACB5199ED} = {6B7496AB-6F62-4D6A-8952-4BDFAE4A18EC}
		{45C070D6-AB2C-4B31-B856-AD811C6F9788} = {6B7496AB-6F62-4D6A-8952-4BDFAE4A18EC}
		{B2628CAA-716D-4001-A3F3-C5E51EAE3895} = {54F4AC11-BB63-445C-BD14-8F13137C0C81}
		{56CEE214-BC8A-4583-AE89-8A861DD4CDBF} = {54F4AC11-BB63-445C-BD14-8F13137C0C81}
		{FAEB89C1-8410-4922-A0A9-F95E3DFC0EE3} = {54F4AC11-BB63-445C-BD14-8F13137C0C81}
		{281A2918-7B79-4732-AB46-535556D0E654} = {B2628CAA-716D-4001-A3F3-C5E51EAE3895}
		{060A5826-4800-4A44-A094-339F990971B5} = {B2628CAA-716D-4001-A3F3-C5E51EAE3895}
		{4A50A80C-90F9-4C2B-BE9B-BC7D0D29A20A} = {B2628CAA-716D-4001-A3F3-C5E51EAE3895}
		{E2889585-BE08-4C44-AE63-B16C9E65C268} = {B2628CAA-716D-4001-A3F3-C5E51EAE3895}
		{47E6FEF1-01AA-42D7-A15E-3B0DAAD26F7A} = {56CEE214-BC8A-4583-AE89-8A861DD4CDBF}
		{723956B4-4A10-417D-9B87-4F60167A026E} = {FAEB89C1-8410-4922-A0A9-F95E3DFC0EE3}
	EndGlobalSection
	GlobalSection(ExtensibilityGlobals) = postSolution
		SolutionGuid = {9CC4CFA8-2CD6-4371-9206-67B08CAFE5E2}
	EndGlobalSection
EndGlobal
